
Microsoft Visual Studio Solution File, Format Version 12.00
# Visual Studio Version 17
VisualStudioVersion = 17.3.32825.248
MinimumVisualStudioVersion = 10.0.40219.1
Project("{9A19103F-16F7-4668-BE54-9A1E7A4F7556}") = "RaceSimulator_Project", "RaceSimulator_Project\RaceSimulator_Project.csproj", "{05593082-A38D-46E0-B4ED-A470705E7610}"
EndProject
Project("{9A19103F-16F7-4668-BE54-9A1E7A4F7556}") = "Controller", "Controller\Controller.csproj", "{552A8EC2-1179-4D56-9850-EC5F17F82155}"
EndProject
Project("{9A19103F-16F7-4668-BE54-9A1E7A4F7556}") = "Model", "Model\Model.csproj", "{5E3781E0-289C-477F-93BC-6F639BC5A2E5}"
EndProject
Project("{9A19103F-16F7-4668-BE54-9A1E7A4F7556}") = "ControllerTest", "ControllerTest\ControllerTest.csproj", "{342BB791-BB39-4365-9720-67CCCAC20C6C}"
EndProject
Project("{9A19103F-16F7-4668-BE54-9A1E7A4F7556}") = "RaceSimulatorTest", "RaceSimulatorTest\RaceSimulatorTest.csproj", "{D50F65BA-C04B-4F2B-A616-E20AE10967F0}"
EndProject
Project("{FAE04EC0-301F-11D3-BF4B-00C04F79EFBC}") = "WPFVisualize", "WPFVisualize\WPFVisualize.csproj", "{5479F01A-F5C4-48FA-95CD-155479A284C7}"
EndProject
Global
	GlobalSection(SolutionConfigurationPlatforms) = preSolution
		Debug|Any CPU = Debug|Any CPU
		Release|Any CPU = Release|Any CPU
	EndGlobalSection
	GlobalSection(ProjectConfigurationPlatforms) = postSolution
		{05593082-A38D-46E0-B4ED-A470705E7610}.Debug|Any CPU.ActiveCfg = Debug|Any CPU
		{05593082-A38D-46E0-B4ED-A470705E7610}.Debug|Any CPU.Build.0 = Debug|Any CPU
		{05593082-A38D-46E0-B4ED-A470705E7610}.Release|Any CPU.ActiveCfg = Release|Any CPU
		{05593082-A38D-46E0-B4ED-A470705E7610}.Release|Any CPU.Build.0 = Release|Any CPU
		{552A8EC2-1179-4D56-9850-EC5F17F82155}.Debug|Any CPU.ActiveCfg = Debug|Any CPU
		{552A8EC2-1179-4D56-9850-EC5F17F82155}.Debug|Any CPU.Build.0 = Debug|Any CPU
		{552A8EC2-1179-4D56-9850-EC5F17F82155}.Release|Any CPU.ActiveCfg = Release|Any CPU
		{552A8EC2-1179-4D56-9850-EC5F17F82155}.Release|Any CPU.Build.0 = Release|Any CPU
		{5E3781E0-289C-477F-93BC-6F639BC5A2E5}.Debug|Any CPU.ActiveCfg = Debug|Any CPU
		{5E3781E0-289C-477F-93BC-6F639BC5A2E5}.Debug|Any CPU.Build.0 = Debug|Any CPU
		{5E3781E0-289C-477F-93BC-6F639BC5A2E5}.Release|Any CPU.ActiveCfg = Release|Any CPU
		{5E3781E0-289C-477F-93BC-6F639BC5A2E5}.Release|Any CPU.Build.0 = Release|Any CPU
		{342BB791-BB39-4365-9720-67CCCAC20C6C}.Debug|Any CPU.ActiveCfg = Debug|Any CPU
		{342BB791-BB39-4365-9720-67CCCAC20C6C}.Debug|Any CPU.Build.0 = Debug|Any CPU
		{342BB791-BB39-4365-9720-67CCCAC20C6C}.Release|Any CPU.ActiveCfg = Release|Any CPU
		{342BB791-BB39-4365-9720-67CCCAC20C6C}.Release|Any CPU.Build.0 = Release|Any CPU
		{D50F65BA-C04B-4F2B-A616-E20AE10967F0}.Debug|Any CPU.ActiveCfg = Debug|Any CPU
		{D50F65BA-C04B-4F2B-A616-E20AE10967F0}.Debug|Any CPU.Build.0 = Debug|Any CPU
		{D50F65BA-C04B-4F2B-A616-E20AE10967F0}.Release|Any CPU.ActiveCfg = Release|Any CPU
		{D50F65BA-C04B-4F2B-A616-E20AE10967F0}.Release|Any CPU.Build.0 = Release|Any CPU
		{5479F01A-F5C4-48FA-95CD-155479A284C7}.Debug|Any CPU.ActiveCfg = Debug|Any CPU
		{5479F01A-F5C4-48FA-95CD-155479A284C7}.Debug|Any CPU.Build.0 = Debug|Any CPU
		{5479F01A-F5C4-48FA-95CD-155479A284C7}.Release|Any CPU.ActiveCfg = Release|Any CPU
		{5479F01A-F5C4-48FA-95CD-155479A284C7}.Release|Any CPU.Build.0 = Release|Any CPU
	EndGlobalSection
	GlobalSection(SolutionProperties) = preSolution
		HideSolutionNode = FALSE
	EndGlobalSection
	GlobalSection(ExtensibilityGlobals) = postSolution
		SolutionGuid = {62A343B6-F03B-4C07-9E68-A84EAFB1EE4A}
	EndGlobalSection
EndGlobal
